{
  "nodes": {
    "nixflake-misc": {
      "inputs": {
        "nixpkgs": [
          "nixpkgs"
        ]
      },
      "locked": {
        "lastModified": 1732223255,
        "narHash": "sha256-v0MbG/kHv4UxGvfVIlzxNBoFBggAmCaRQSlKZ1PzVUo=",
        "owner": "phossil",
        "repo": "nixflake-misc",
        "rev": "74d274eafedb05f49dd2ef066879b2170b1504a6",
        "type": "github"
      },
      "original": {
        "owner": "phossil",
        "repo": "nixflake-misc",
        "type": "github"
      }
    },
    "nixpkgs": {
      "locked": {
        "lastModified": 1732937961,
        "narHash": "sha256-B5pYT+IVaqcrfOekkwKvx/iToDnuQWzc2oyDxzzBDc4=",
        "owner": "NixOS",
        "repo": "nixpkgs",
        "rev": "4703b8d2c708e13a8cab03d865f90973536dcdf5",
        "type": "github"
      },
      "original": {
        "owner": "NixOS",
        "ref": "nixpkgs-unstable",
        "repo": "nixpkgs",
        "type": "github"
      }
    },
    "root": {
      "inputs": {
        "nixflake-misc": "nixflake-misc",
        "nixpkgs": "nixpkgs"
      }
    }
  },
  "root": "root",
  "version": 7
}
